PODS:
  - FTCoreText (1.0.1)
  - HappyDNS (0.3.12)
  - libqrencode (3.4.2)
  - MBProgressHUD (1.0.0)
  - MJExtension (3.0.9)
  - NIMSDK (5.9.0)
  - pili-librtmp (1.0.4)
  - PLPlayerKit (2.2.4):
    - HappyDNS (~> 0.3.10)
    - pili-librtmp (= 1.0.4)
    - PLPlayerKit/precompiled (= 2.2.4)
  - PLPlayerKit/precompiled (2.2.4):
    - HappyDNS (~> 0.3.10)
    - pili-librtmp (= 1.0.4)
  - SDWebImage (3.7.3):
    - SDWebImage/Core (= 3.7.3)
  - SDWebImage/Core (3.7.3)
  - SocketRocket (0.5.1)
  - Toast (2.4)
  - XLForm (3.3.0)

DEPENDENCIES:
  - FTCoreText (= 1.0.1)
  - libqrencode (= 3.4.2)
  - MBProgressHUD (~> 1.0.0)
  - MJExtension (= 3.0.9)
  - NIMSDK
  - PLPlayerKit (~> 2.2.2)
  - SDWebImage (= 3.7.3)
  - SocketRocket
  - Toast (~> 2.4)
  - XLForm

SPEC REPOS:
  https://github.com/cocoapods/specs.git:
    - FTCoreText
    - HappyDNS
    - libqrencode
    - MBProgressHUD
    - MJExtension
    - NIMSDK
    - pili-librtmp
    - PLPlayerKit
    - SDWebImage
    - SocketRocket
    - Toast
    - XLForm

SPEC CHECKSUMS:
  FTCoreText: 7bc3eb236f5eee4bcd33486d693376c04b08a3d4
  HappyDNS: 691a3041128055d09866f86e6e9ca90f24da1f18
  libqrencode: 43dc34b89af83ea4b07c409cd8e09c87aa3a1c9f
  MBProgressHUD: 4890f671c94e8a0f3cf959aa731e9de2f036d71a
  MJExtension: 116781b18cb25cee39619e16617f62bb7433ea4e
  NIMSDK: 8cf6b0e2d71cbf8be8e1cc697e3baa5cf5b683f7
  pili-librtmp: bc768bc3971edad732fd5e66f0ee991fa1a0a257
  PLPlayerKit: 30e419fa90e84df34922e6dd5d5833d7e4348bf4
  SDWebImage: 1d2b1a1efda1ade1b00b6f8498865f8ddedc8a84
  SocketRocket: d57c7159b83c3c6655745cd15302aa24b6bae531
  Toast: 0773b8fc0e97352ca6054517bec7ebdd4110029d
  XLForm: d5c391dfc62865927b5bcab0a5a0dbfb3e02b0ec

PODFILE CHECKSUM: cc8452663d27cce8cddf446074ac69acc06895e1

COCOAPODS: 1.5.3
